
Microsoft Visual Studio Solution File, Format Version 12.00
# Visual Studio 15
VisualStudioVersion = 15.0.27130.2010
MinimumVisualStudioVersion = 10.0.40219.1
Project("{F2A71F9B-5D33-465A-A702-920D77279786}") = "TypeProviders", "src\TypeProviders.fsproj", "{1C24A502-2F12-4AAB-90A2-D6E3058178E1}"
EndProject
Project("{9A19103F-16F7-4668-BE54-9A1E7A4F7556}") = "Npgsql", "npgsql\src\Npgsql\Npgsql.csproj", "{163AD350-9EF7-464E-94DB-29EC372E3E36}"
EndProject
Global
	GlobalSection(SolutionConfigurationPlatforms) = preSolution
		Debug|Any CPU = Debug|Any CPU
		Release|Any CPU = Release|Any CPU
	EndGlobalSection
	GlobalSection(ProjectConfigurationPlatforms) = postSolution
		{1C24A502-2F12-4AAB-90A2-D6E3058178E1}.Debug|Any CPU.ActiveCfg = Debug|Any CPU
		{1C24A502-2F12-4AAB-90A2-D6E3058178E1}.Debug|Any CPU.Build.0 = Debug|Any CPU
		{1C24A502-2F12-4AAB-90A2-D6E3058178E1}.Release|Any CPU.ActiveCfg = Release|Any CPU
		{1C24A502-2F12-4AAB-90A2-D6E3058178E1}.Release|Any CPU.Build.0 = Release|Any CPU
		{163AD350-9EF7-464E-94DB-29EC372E3E36}.Debug|Any CPU.ActiveCfg = Debug|Any CPU
		{163AD350-9EF7-464E-94DB-29EC372E3E36}.Debug|Any CPU.Build.0 = Debug|Any CPU
		{163AD350-9EF7-464E-94DB-29EC372E3E36}.Release|Any CPU.ActiveCfg = Release|Any CPU
		{163AD350-9EF7-464E-94DB-29EC372E3E36}.Release|Any CPU.Build.0 = Release|Any CPU
	EndGlobalSection
	GlobalSection(SolutionProperties) = preSolution
		HideSolutionNode = FALSE
	EndGlobalSection
	GlobalSection(ExtensibilityGlobals) = postSolution
		SolutionGuid = {2DBC38AD-C45B-4975-A4B6-925760470498}
	EndGlobalSection
EndGlobal
