
Microsoft Visual Studio Solution File, Format Version 12.00
# Visual Studio 15
VisualStudioVersion = 15.0.27130.2010
MinimumVisualStudioVersion = 10.0.40219.1
Project("{2150E333-8FDC-42A3-9474-1A3956D46DE8}") = ".paket", ".paket", "{FD7B202A-3E0E-4295-87A6-F5917F361760}"
	ProjectSection(SolutionItems) = preProject
		paket.dependencies = paket.dependencies
	EndProjectSection
EndProject
Project("{6EC3EE1D-3C4E-46DD-8F32-0CC8E7565705}") = "Tests", "tests\Tests.fsproj", "{D2EA4AE7-56F8-4E4B-9415-B4A3C4D243BB}"
EndProject
Project("{6EC3EE1D-3C4E-46DD-8F32-0CC8E7565705}") = "SampleApp", "tests\SampleApp\SampleApp.fsproj", "{B3FBAE04-EF35-4F47-8673-71342960C9C5}"
EndProject
Global
	GlobalSection(SolutionConfigurationPlatforms) = preSolution
		Debug|Any CPU = Debug|Any CPU
		Release|Any CPU = Release|Any CPU
	EndGlobalSection
	GlobalSection(ProjectConfigurationPlatforms) = postSolution
		{D2EA4AE7-56F8-4E4B-9415-B4A3C4D243BB}.Debug|Any CPU.ActiveCfg = Debug|Any CPU
		{D2EA4AE7-56F8-4E4B-9415-B4A3C4D243BB}.Debug|Any CPU.Build.0 = Debug|Any CPU
		{D2EA4AE7-56F8-4E4B-9415-B4A3C4D243BB}.Release|Any CPU.ActiveCfg = Release|Any CPU
		{D2EA4AE7-56F8-4E4B-9415-B4A3C4D243BB}.Release|Any CPU.Build.0 = Release|Any CPU
		{B3FBAE04-EF35-4F47-8673-71342960C9C5}.Debug|Any CPU.ActiveCfg = Debug|Any CPU
		{B3FBAE04-EF35-4F47-8673-71342960C9C5}.Debug|Any CPU.Build.0 = Debug|Any CPU
		{B3FBAE04-EF35-4F47-8673-71342960C9C5}.Release|Any CPU.ActiveCfg = Release|Any CPU
		{B3FBAE04-EF35-4F47-8673-71342960C9C5}.Release|Any CPU.Build.0 = Release|Any CPU
	EndGlobalSection
	GlobalSection(SolutionProperties) = preSolution
		HideSolutionNode = FALSE
	EndGlobalSection
	GlobalSection(ExtensibilityGlobals) = postSolution
		SolutionGuid = {980DD434-A677-4C0A-A391-56021EE0215E}
	EndGlobalSection
EndGlobal
